
Microsoft Visual Studio Solution File, Format Version 12.00
# Visual Studio Version 17
VisualStudioVersion = 17.0.32014.148
MinimumVisualStudioVersion = 10.0.40219.1
Project("{9A19103F-16F7-4668-BE54-9A1E7A4F7556}") = "JustATest", "JustATest\JustATest.csproj", "{EA722D99-41A0-4329-86BB-2DF5E01BDCA0}"
EndProject
Project("{FAE04EC0-301F-11D3-BF4B-00C04F79EFBC}") = "Test2", "Test2\Test2.csproj", "{A8C9117F-E254-4370-88A6-8647EE672B07}"
EndProject
Global
	GlobalSection(SolutionConfigurationPlatforms) = preSolution
		Debug|Any CPU = Debug|Any CPU
		Release|Any CPU = Release|Any CPU
	EndGlobalSection
	GlobalSection(ProjectConfigurationPlatforms) = postSolution
		{EA722D99-41A0-4329-86BB-2DF5E01BDCA0}.Debug|Any CPU.ActiveCfg = Debug|Any CPU
		{EA722D99-41A0-4329-86BB-2DF5E01BDCA0}.Debug|Any CPU.Build.0 = Debug|Any CPU
		{EA722D99-41A0-4329-86BB-2DF5E01BDCA0}.Release|Any CPU.ActiveCfg = Release|Any CPU
		{EA722D99-41A0-4329-86BB-2DF5E01BDCA0}.Release|Any CPU.Build.0 = Release|Any CPU
		{A8C9117F-E254-4370-88A6-8647EE672B07}.Debug|Any CPU.ActiveCfg = Debug|Any CPU
		{A8C9117F-E254-4370-88A6-8647EE672B07}.Debug|Any CPU.Build.0 = Debug|Any CPU
		{A8C9117F-E254-4370-88A6-8647EE672B07}.Release|Any CPU.ActiveCfg = Release|Any CPU
		{A8C9117F-E254-4370-88A6-8647EE672B07}.Release|Any CPU.Build.0 = Release|Any CPU
	EndGlobalSection
	GlobalSection(SolutionProperties) = preSolution
		HideSolutionNode = FALSE
	EndGlobalSection
	GlobalSection(ExtensibilityGlobals) = postSolution
		SolutionGuid = {37BFEDD2-2AB7-4F39-9C70-068C700F026F}
	EndGlobalSection
EndGlobal
